Microsoft Visual Studio Solution File, Format Version 12.00
# Visual Studio Version 17
VisualStudioVersion = 17.5.2.0
MinimumVisualStudioVersion = 10.0.40219.1
Project("{FAE04EC0-301F-11D3-BF4B-00C04F79EFBC}") = "Minesweeper.App", "Minesweeper.App.csproj", "{F193D788-C2EB-5115-2EFC-F0C819679AF9}"
EndProject
Global
	GlobalSection(SolutionConfigurationPlatforms) = preSolution
		Debug|Any CPU = Debug|Any CPU
		Release|Any CPU = Release|Any CPU
	EndGlobalSection
	GlobalSection(ProjectConfigurationPlatforms) = postSolution
		{F193D788-C2EB-5115-2EFC-F0C819679AF9}.Debug|Any CPU.ActiveCfg = Debug|Any CPU
		{F193D788-C2EB-5115-2EFC-F0C819679AF9}.Debug|Any CPU.Build.0 = Debug|Any CPU
		{F193D788-C2EB-5115-2EFC-F0C819679AF9}.Release|Any CPU.ActiveCfg = Release|Any CPU
		{F193D788-C2EB-5115-2EFC-F0C819679AF9}.Release|Any CPU.Build.0 = Release|Any CPU
	EndGlobalSection
	GlobalSection(SolutionProperties) = preSolution
		HideSolutionNode = FALSE
	EndGlobalSection
	GlobalSection(ExtensibilityGlobals) = postSolution
		SolutionGuid = {C518FDB4-4FFE-426C-B3BE-2F31E3967F55}
	EndGlobalSection
EndGlobal
